
Microsoft Visual Studio Solution File, Format Version 12.00
# Visual Studio Version 16
VisualStudioVersion = 16.0.29025.244
MinimumVisualStudioVersion = 10.0.40219.1
Project("{FAE04EC0-301F-11D3-BF4B-00C04F79EFBC}") = "V2RayGCon", "V2RayGCon\V2RayGCon.csproj", "{7B799000-E68F-450F-84AF-5EC9A5EFF384}"
EndProject
Project("{FAE04EC0-301F-11D3-BF4B-00C04F79EFBC}") = "VgcApis", "VgcApis\VgcApis.csproj", "{B3CF9873-AFBC-4703-8A3B-06D39FD761B9}"
EndProject
Project("{FAE04EC0-301F-11D3-BF4B-00C04F79EFBC}") = "Pacman", "Plugins\Pacman\Pacman.csproj", "{78AAEFC7-621E-45C8-8524-3ABA221336F6}"
EndProject
Project("{FAE04EC0-301F-11D3-BF4B-00C04F79EFBC}") = "ProxySetter", "Plugins\ProxySetter\ProxySetter.csproj", "{8DDDA069-8B11-4B48-93C1-C608BFF0C361}"
EndProject
Project("{FAE04EC0-301F-11D3-BF4B-00C04F79EFBC}") = "ProxySetterTests", "Plugins\ProxySetterTests\ProxySetterTests.csproj", "{EEA7D9B6-12B1-4146-9519-B4F4B1AFD6CB}"
EndProject
Project("{FAE04EC0-301F-11D3-BF4B-00C04F79EFBC}") = "VgcApisTests", "VgcApisTests\VgcApisTests.csproj", "{BB7D5A36-7E1B-4DC9-9D4A-08CB93193A12}"
EndProject
Project("{FAE04EC0-301F-11D3-BF4B-00C04F79EFBC}") = "V2RayGConTests", "V2RayGConTests\V2RayGConTests.csproj", "{AF050080-15FD-4196-9466-89113DED54DC}"
EndProject
Project("{2150E333-8FDC-42A3-9474-1A3956D46DE8}") = "Plugins", "Plugins", "{AAA70B17-54E7-4366-BC8E-467169010D30}"
EndProject
Project("{2150E333-8FDC-42A3-9474-1A3956D46DE8}") = "Github", "Github", "{E979CF30-7516-4408-9B4C-40FEA1B9558E}"
	ProjectSection(SolutionItems) = preProject
		.gitignore = .gitignore
		README.md = README.md
		.github\stale.yml = .github\stale.yml
	EndProjectSection
EndProject
Project("{2150E333-8FDC-42A3-9474-1A3956D46DE8}") = "Workflows", "Workflows", "{06808754-0544-40BD-B456-6E724FF1B812}"
	ProjectSection(SolutionItems) = preProject
		.github\workflows\debug.yml = .github\workflows\debug.yml
		.github\workflows\release.yml = .github\workflows\release.yml
	EndProjectSection
EndProject
Project("{2150E333-8FDC-42A3-9474-1A3956D46DE8}") = "3rd", "3rd", "{DFBD2D2B-0418-4C19-9527-FF6260F541AC}"
EndProject
Project("{9A19103F-16F7-4668-BE54-9A1E7A4F7556}") = "ZipExtractor", "3rd\ZipExtractor\ZipExtractor.csproj", "{91DE558C-6DB8-429B-A069-C0491DCFF15B}"
EndProject
Project("{FAE04EC0-301F-11D3-BF4B-00C04F79EFBC}") = "NeoLuna", "Plugins\NeoLua\NeoLuna.csproj", "{1F2FD9D2-2230-49F1-A163-3987E2C9929C}"
EndProject
Project("{FAE04EC0-301F-11D3-BF4B-00C04F79EFBC}") = "DyFetch", "3rd\DyFetch\DyFetch.csproj", "{8BA9615F-D7DC-4FAA-85DC-176BA51809DF}"
EndProject
Project("{FAE04EC0-301F-11D3-BF4B-00C04F79EFBC}") = "Luna", "3rd\Luna\Luna.csproj", "{2D29F9E2-F358-4B07-8F50-1CBE4291EED8}"
EndProject
Global
	GlobalSection(SolutionConfigurationPlatforms) = preSolution
		Debug|Any CPU = Debug|Any CPU
		Release|Any CPU = Release|Any CPU
	EndGlobalSection
	GlobalSection(ProjectConfigurationPlatforms) = postSolution
		{7B799000-E68F-450F-84AF-5EC9A5EFF384}.Debug|Any CPU.ActiveCfg = Debug|Any CPU
		{7B799000-E68F-450F-84AF-5EC9A5EFF384}.Debug|Any CPU.Build.0 = Debug|Any CPU
		{7B799000-E68F-450F-84AF-5EC9A5EFF384}.Release|Any CPU.ActiveCfg = Release|Any CPU
		{7B799000-E68F-450F-84AF-5EC9A5EFF384}.Release|Any CPU.Build.0 = Release|Any CPU
		{B3CF9873-AFBC-4703-8A3B-06D39FD761B9}.Debug|Any CPU.ActiveCfg = Debug|Any CPU
		{B3CF9873-AFBC-4703-8A3B-06D39FD761B9}.Debug|Any CPU.Build.0 = Debug|Any CPU
		{B3CF9873-AFBC-4703-8A3B-06D39FD761B9}.Release|Any CPU.ActiveCfg = Release|Any CPU
		{B3CF9873-AFBC-4703-8A3B-06D39FD761B9}.Release|Any CPU.Build.0 = Release|Any CPU
		{78AAEFC7-621E-45C8-8524-3ABA221336F6}.Debug|Any CPU.ActiveCfg = Debug|Any CPU
		{78AAEFC7-621E-45C8-8524-3ABA221336F6}.Debug|Any CPU.Build.0 = Debug|Any CPU
		{78AAEFC7-621E-45C8-8524-3ABA221336F6}.Release|Any CPU.ActiveCfg = Release|Any CPU
		{78AAEFC7-621E-45C8-8524-3ABA221336F6}.Release|Any CPU.Build.0 = Release|Any CPU
		{8DDDA069-8B11-4B48-93C1-C608BFF0C361}.Debug|Any CPU.ActiveCfg = Debug|Any CPU
		{8DDDA069-8B11-4B48-93C1-C608BFF0C361}.Debug|Any CPU.Build.0 = Debug|Any CPU
		{8DDDA069-8B11-4B48-93C1-C608BFF0C361}.Release|Any CPU.ActiveCfg = Release|Any CPU
		{8DDDA069-8B11-4B48-93C1-C608BFF0C361}.Release|Any CPU.Build.0 = Release|Any CPU
		{EEA7D9B6-12B1-4146-9519-B4F4B1AFD6CB}.Debug|Any CPU.ActiveCfg = Debug|Any CPU
		{EEA7D9B6-12B1-4146-9519-B4F4B1AFD6CB}.Debug|Any CPU.Build.0 = Debug|Any CPU
		{EEA7D9B6-12B1-4146-9519-B4F4B1AFD6CB}.Release|Any CPU.ActiveCfg = Release|Any CPU
		{EEA7D9B6-12B1-4146-9519-B4F4B1AFD6CB}.Release|Any CPU.Build.0 = Release|Any CPU
		{BB7D5A36-7E1B-4DC9-9D4A-08CB93193A12}.Debug|Any CPU.ActiveCfg = Debug|Any CPU
		{BB7D5A36-7E1B-4DC9-9D4A-08CB93193A12}.Debug|Any CPU.Build.0 = Debug|Any CPU
		{BB7D5A36-7E1B-4DC9-9D4A-08CB93193A12}.Release|Any CPU.ActiveCfg = Release|Any CPU
		{BB7D5A36-7E1B-4DC9-9D4A-08CB93193A12}.Release|Any CPU.Build.0 = Release|Any CPU
		{AF050080-15FD-4196-9466-89113DED54DC}.Debug|Any CPU.ActiveCfg = Debug|Any CPU
		{AF050080-15FD-4196-9466-89113DED54DC}.Debug|Any CPU.Build.0 = Debug|Any CPU
		{AF050080-15FD-4196-9466-89113DED54DC}.Release|Any CPU.ActiveCfg = Release|Any CPU
		{AF050080-15FD-4196-9466-89113DED54DC}.Release|Any CPU.Build.0 = Release|Any CPU
		{91DE558C-6DB8-429B-A069-C0491DCFF15B}.Debug|Any CPU.ActiveCfg = Debug|Any CPU
		{91DE558C-6DB8-429B-A069-C0491DCFF15B}.Debug|Any CPU.Build.0 = Debug|Any CPU
		{91DE558C-6DB8-429B-A069-C0491DCFF15B}.Release|Any CPU.ActiveCfg = Release|Any CPU
		{91DE558C-6DB8-429B-A069-C0491DCFF15B}.Release|Any CPU.Build.0 = Release|Any CPU
		{1F2FD9D2-2230-49F1-A163-3987E2C9929C}.Debug|Any CPU.ActiveCfg = Debug|Any CPU
		{1F2FD9D2-2230-49F1-A163-3987E2C9929C}.Debug|Any CPU.Build.0 = Debug|Any CPU
		{1F2FD9D2-2230-49F1-A163-3987E2C9929C}.Release|Any CPU.ActiveCfg = Release|Any CPU
		{1F2FD9D2-2230-49F1-A163-3987E2C9929C}.Release|Any CPU.Build.0 = Release|Any CPU
		{8BA9615F-D7DC-4FAA-85DC-176BA51809DF}.Debug|Any CPU.ActiveCfg = Debug|Any CPU
		{8BA9615F-D7DC-4FAA-85DC-176BA51809DF}.Release|Any CPU.ActiveCfg = Release|Any CPU
		{2D29F9E2-F358-4B07-8F50-1CBE4291EED8}.Debug|Any CPU.ActiveCfg = Debug|Any CPU
		{2D29F9E2-F358-4B07-8F50-1CBE4291EED8}.Release|Any CPU.ActiveCfg = Release|Any CPU
	EndGlobalSection
	GlobalSection(SolutionProperties) = preSolution
		HideSolutionNode = FALSE
	EndGlobalSection
	GlobalSection(NestedProjects) = preSolution
		{78AAEFC7-621E-45C8-8524-3ABA221336F6} = {AAA70B17-54E7-4366-BC8E-467169010D30}
		{8DDDA069-8B11-4B48-93C1-C608BFF0C361} = {AAA70B17-54E7-4366-BC8E-467169010D30}
		{EEA7D9B6-12B1-4146-9519-B4F4B1AFD6CB} = {AAA70B17-54E7-4366-BC8E-467169010D30}
		{06808754-0544-40BD-B456-6E724FF1B812} = {E979CF30-7516-4408-9B4C-40FEA1B9558E}
		{91DE558C-6DB8-429B-A069-C0491DCFF15B} = {DFBD2D2B-0418-4C19-9527-FF6260F541AC}
		{1F2FD9D2-2230-49F1-A163-3987E2C9929C} = {AAA70B17-54E7-4366-BC8E-467169010D30}
		{8BA9615F-D7DC-4FAA-85DC-176BA51809DF} = {DFBD2D2B-0418-4C19-9527-FF6260F541AC}
		{2D29F9E2-F358-4B07-8F50-1CBE4291EED8} = {DFBD2D2B-0418-4C19-9527-FF6260F541AC}
	EndGlobalSection
	GlobalSection(ExtensibilityGlobals) = postSolution
		SolutionGuid = {08E9C5F7-B4F0-4978-BD02-6F1FF74A184A}
	EndGlobalSection
EndGlobal
